
Microsoft Visual Studio Solution File, Format Version 12.00
# Visual Studio Version 17
VisualStudioVersion = 17.11.35208.52
MinimumVisualStudioVersion = 10.0.40219.1
Project("{FAE04EC0-301F-11D3-BF4B-00C04F79EFBC}") = "SmartPlannerWebApi", "SmartPlannerWebApi\SmartPlannerWebApi.csproj", "{C55C2F0B-63CC-42BB-9AED-4B96A5698767}"
EndProject
Global
	GlobalSection(SolutionConfigurationPlatforms) = preSolution
		Debug|Any CPU = Debug|Any CPU
		Release|Any CPU = Release|Any CPU
	EndGlobalSection
	GlobalSection(ProjectConfigurationPlatforms) = postSolution
		{C55C2F0B-63CC-42BB-9AED-4B96A5698767}.Debug|Any CPU.ActiveCfg = Debug|Any CPU
		{C55C2F0B-63CC-42BB-9AED-4B96A5698767}.Debug|Any CPU.Build.0 = Debug|Any CPU
		{C55C2F0B-63CC-42BB-9AED-4B96A5698767}.Release|Any CPU.ActiveCfg = Release|Any CPU
		{C55C2F0B-63CC-42BB-9AED-4B96A5698767}.Release|Any CPU.Build.0 = Release|Any CPU
	EndGlobalSection
	GlobalSection(SolutionProperties) = preSolution
		HideSolutionNode = FALSE
	EndGlobalSection
	GlobalSection(ExtensibilityGlobals) = postSolution
		SolutionGuid = {30143052-F863-4569-A501-5C6219ABADE8}
	EndGlobalSection
EndGlobal
